
Microsoft Visual Studio Solution File, Format Version 12.00
# Visual Studio Version 17
VisualStudioVersion = 17.10.34928.147
MinimumVisualStudioVersion = 10.0.40219.1
Project("{FAE04EC0-301F-11D3-BF4B-00C04F79EFBC}") = "HexToDecimal", "HexToDecimal.csproj", "{6315956F-C011-4594-A0EE-05809A77F7AA}"
EndProject
Global
	GlobalSection(SolutionConfigurationPlatforms) = preSolution
		Debug|Any CPU = Debug|Any CPU
		Release|Any CPU = Release|Any CPU
	EndGlobalSection
	GlobalSection(ProjectConfigurationPlatforms) = postSolution
		{6315956F-C011-4594-A0EE-05809A77F7AA}.Debug|Any CPU.ActiveCfg = Debug|Any CPU
		{6315956F-C011-4594-A0EE-05809A77F7AA}.Debug|Any CPU.Build.0 = Debug|Any CPU
		{6315956F-C011-4594-A0EE-05809A77F7AA}.Release|Any CPU.ActiveCfg = Release|Any CPU
		{6315956F-C011-4594-A0EE-05809A77F7AA}.Release|Any CPU.Build.0 = Release|Any CPU
	EndGlobalSection
	GlobalSection(SolutionProperties) = preSolution
		HideSolutionNode = FALSE
	EndGlobalSection
	GlobalSection(ExtensibilityGlobals) = postSolution
		SolutionGuid = {02A892FC-3499-4A83-8CBA-66F6217E1CFE}
	EndGlobalSection
EndGlobal
